
Microsoft Visual Studio Solution File, Format Version 12.00
# Visual Studio 2015
Project("{FAE04EC0-301F-11D3-BF4B-00C04F79EFBC}") = "DissitationCombination.CSharp", "DissitationCombination.CSharp.csproj", "{F8FAEEF3-E072-0487-E780-2EB0F9BDCEB0}"
EndProject
Project("{FAE04EC0-301F-11D3-BF4B-00C04F79EFBC}") = "DissitationCombination.CSharp.Editor", "DissitationCombination.CSharp.Editor.csproj", "{35EBEF42-DCF3-6278-CBD8-9FA801C041F2}"
EndProject
Global
	GlobalSection(SolutionConfigurationPlatforms) = preSolution
		Debug|Any CPU = Debug|Any CPU
		Release|Any CPU = Release|Any CPU
	EndGlobalSection
	GlobalSection(ProjectConfigurationPlatforms) = postSolution
		{F8FAEEF3-E072-0487-E780-2EB0F9BDCEB0}.Debug|Any CPU.ActiveCfg = Debug|Any CPU
		{F8FAEEF3-E072-0487-E780-2EB0F9BDCEB0}.Debug|Any CPU.Build.0 = Debug|Any CPU
		{F8FAEEF3-E072-0487-E780-2EB0F9BDCEB0}.Release|Any CPU.ActiveCfg = Release|Any CPU
		{F8FAEEF3-E072-0487-E780-2EB0F9BDCEB0}.Release|Any CPU.Build.0 = Release|Any CPU
		{35EBEF42-DCF3-6278-CBD8-9FA801C041F2}.Debug|Any CPU.ActiveCfg = Debug|Any CPU
		{35EBEF42-DCF3-6278-CBD8-9FA801C041F2}.Debug|Any CPU.Build.0 = Debug|Any CPU
		{35EBEF42-DCF3-6278-CBD8-9FA801C041F2}.Release|Any CPU.ActiveCfg = Release|Any CPU
		{35EBEF42-DCF3-6278-CBD8-9FA801C041F2}.Release|Any CPU.Build.0 = Release|Any CPU
	EndGlobalSection
	GlobalSection(SolutionProperties) = preSolution
		HideSolutionNode = FALSE
	EndGlobalSection
EndGlobal
